github.com/davecgh/go-spew v1.1.1 h1:vj9j/u1bqnvCEfJOwUhtlOARqs3+rkHYY13jYWTU97c=
github.com/davecgh/go-spew v1.1.1/go.mod h1:J7Y8YcW2NihsgmVo/mv3lAwl/skON4iLHjSsI+c5H38=
github.com/fgrzl/claims v0.0.0-20250323164204-b3eff8063c51 h1:oD5J85If/i7VRv0PL7QjM0PyUkcMpp9OLk92p6cn+B0=
github.com/fgrzl/claims v0.0.0-20250323164204-b3eff8063c51/go.mod h1:PoFYgZTF4mbZlixISlCW5tXwymHusjGf9QAu5Q0FWCU=
github.com/fgrzl/json v0.0.0-20250314132819-1e13745bbbc6 h1:ZteLQUBIBm1djIg0F5qKER4mpuN0Z1paVU9Tv0eORZ0=
github.com/fgrzl/json v0.0.0-20250314132819-1e13745bbbc6/go.mod h1:L7IAn4wOCSsQGJ44XZePleqf7/tAZPgBDC6A3Egv9e8=
github.com/fgrzl/messaging v0.0.0-20250323170934-9baae05b805d h1:2UrBxzLoRGZZJmCkBFqU8O+lmBApMcD85ZkmMYdwuTM=
github.com/fgrzl/messaging v0.0.0-20250323170934-9baae05b805d/go.mod h1:FzIu1llaMxloZKIGXW9wiUUtqS0Mx6e89LRvNDHWQRg=
github.com/fgrzl/timestamp v0.0.0-20250225130908-89948d7bd71d h1:h70KpLp2smJW5eb7pvESk40lsYM3VoFCJmJ/7Y4cs1Y=
github.com/fgrzl/timestamp v0.0.0-20250225130908-89948d7bd71d/go.mod h1:P+pm97eJskSlGp6EpOwz6CBXzRZTWMaL7UQG2IcCHrw=
github.com/google/uuid v1.6.0 h1:NIvaJDMOsjHA8n1jAhLSgzrAzy1Hgr+hNrb57e+94F0=
github.com/google/uuid v1.6.0/go.mod h1:TIyPZe4MgqvfeYDBFedMoGGpEw/LqOeaOT+nhxU+yHo=
github.com/pmezard/go-difflib v1.0.0 h1:4DBwDE0NGyQoBHbLQYPwSUPoCMWR5BEzIk/f1lZbAQM=
github.com/pmezard/go-difflib v1.0.0/go.mod h1:iKH77koFhYxTK1pcRnkKkqfTogsbg7gZNVY4sRDYZ/4=
github.com/stretchr/testify v1.10.0 h1:Xv5erBjTwe/5IxqUQTdXv5kgmIvbHo3QQyRwhJsOfJA=
github.com/stretchr/testify v1.10.0/go.mod h1:r2ic/lqez/lEtzL7wO/rwa5dbSLXVDPFyf8C91i36aY=
gopkg.in/check.v1 v0.0.0-20161208181325-20d25e280405 h1:yhCVgyC4o1eVCa2tZl7eS0r+SDo693bJlVdllGtEeKM=
gopkg.in/check.v1 v0.0.0-20161208181325-20d25e280405/go.mod h1:Co6ibVJAznAaIkqp8huTwlJQCZ016jof/cbN4VW5Yz0=
gopkg.in/yaml.v3 v3.0.1 h1:fxVm/GzAzEWqLHuvctI91KS9hhNmmWOoWu0XTYJS7CA=
gopkg.in/yaml.v3 v3.0.1/go.mod h1:K4uyk7z7BCEPqu6E+C64Yfv1cQ7kz7rIZviUmN+EgEM=
